# This file is automatically @generated by Cargo.
# It is not intended for manual editing.
[[package]]
name = "redox_syscall"
version = "0.1.54"
source = "registry+https://github.com/rust-lang/crates.io-index"

[[package]]
name = "redox_termios"
version = "0.1.1"
source = "registry+https://github.com/rust-lang/crates.io-index"
dependencies = [
 "redox_syscall 0.1.54 (registry+https://github.com/rust-lang/crates.io-index)",
]

[[package]]
name = "redoxer"
version = "0.1.0"
dependencies = [
 "redox_syscall 0.1.54 (registry+https://github.com/rust-lang/crates.io-index)",
 "redox_termios 0.1.1 (registry+https://github.com/rust-lang/crates.io-index)",
]

[metadata]
"checksum redox_syscall 0.1.54 (registry+https://github.com/rust-lang/crates.io-index)" = "12229c14a0f65c4f1cb046a3b52047cdd9da1f4b30f8a39c5063c8bae515e252"
"checksum redox_termios 0.1.1 (registry+https://github.com/rust-lang/crates.io-index)" = "7e891cfe48e9100a70a3b6eb652fef28920c117d366339687bd5576160db0f76"
